
Microsoft Visual Studio Solution File, Format Version 12.00
# Visual Studio Version 16
VisualStudioVersion = 16.0.29102.190
MinimumVisualStudioVersion = 10.0.40219.1
Project("{FAE04EC0-301F-11D3-BF4B-00C04F79EFBC}") = "RiteQ", "RiteQ.csproj", "{6BA1CF83-E253-47E4-B02F-891D2CEC9F69}"
EndProject
Global
	GlobalSection(SolutionConfigurationPlatforms) = preSolution
		Debug|Any CPU = Debug|Any CPU
		Release|Any CPU = Release|Any CPU
	EndGlobalSection
	GlobalSection(ProjectConfigurationPlatforms) = postSolution
		{6BA1CF83-E253-47E4-B02F-891D2CEC9F69}.Debug|Any CPU.ActiveCfg = Debug|Any CPU
		{6BA1CF83-E253-47E4-B02F-891D2CEC9F69}.Debug|Any CPU.Build.0 = Debug|Any CPU
		{6BA1CF83-E253-47E4-B02F-891D2CEC9F69}.Release|Any CPU.ActiveCfg = Release|Any CPU
		{6BA1CF83-E253-47E4-B02F-891D2CEC9F69}.Release|Any CPU.Build.0 = Release|Any CPU
	EndGlobalSection
	GlobalSection(SolutionProperties) = preSolution
		HideSolutionNode = FALSE
	EndGlobalSection
	GlobalSection(ExtensibilityGlobals) = postSolution
		SolutionGuid = {1375A0B1-AA67-46C0-B52D-8428DDAA2836}
	EndGlobalSection
EndGlobal
